
Microsoft Visual Studio Solution File, Format Version 12.00
# Visual Studio 15
VisualStudioVersion = 15.0.26403.7
MinimumVisualStudioVersion = 10.0.40219.1
Project("{D954291E-2A0B-460D-934E-DC6B0785DB48}") = "ATGShared", "ATGShared\ATGShared.shproj", "{6BB48F95-9454-454F-AC9B-6DCF831D33B0}"
EndProject
Project("{FAE04EC0-301F-11D3-BF4B-00C04F79EFBC}") = "ATG.Droid", "ATG.Droid\ATG.Droid.csproj", "{B6C3195C-0075-436E-826B-FEF49284DD32}"
EndProject
Project("{FAE04EC0-301F-11D3-BF4B-00C04F79EFBC}") = "ATG.iOS", "ATG.iOS\ATG.iOS.csproj", "{45DA7B47-C579-4BC1-B1E5-97EEA0C669CD}"
EndProject
Global
	GlobalSection(SharedMSBuildProjectFiles) = preSolution
		ATGShared\ATGShared.projitems*{45da7b47-c579-4bc1-b1e5-97eea0c669cd}*SharedItemsImports = 4
		ATGShared\ATGShared.projitems*{6bb48f95-9454-454f-ac9b-6dcf831d33b0}*SharedItemsImports = 13
		ATGShared\ATGShared.projitems*{b6c3195c-0075-436e-826b-fef49284dd32}*SharedItemsImports = 4
	EndGlobalSection
	GlobalSection(SolutionConfigurationPlatforms) = preSolution
		Debug|Any CPU = Debug|Any CPU
		Debug|iPhone = Debug|iPhone
		Debug|iPhoneSimulator = Debug|iPhoneSimulator
		PlayerDebug|Any CPU = PlayerDebug|Any CPU
		PlayerDebug|iPhone = PlayerDebug|iPhone
		PlayerDebug|iPhoneSimulator = PlayerDebug|iPhoneSimulator
		Release|Any CPU = Release|Any CPU
		Release|iPhone = Release|iPhone
		Release|iPhoneSimulator = Release|iPhoneSimulator
	EndGlobalSection
	GlobalSection(ProjectConfigurationPlatforms) = postSolution
		{B6C3195C-0075-436E-826B-FEF49284DD32}.Debug|Any CPU.ActiveCfg = Debug|Any CPU
		{B6C3195C-0075-436E-826B-FEF49284DD32}.Debug|Any CPU.Build.0 = Debug|Any CPU
		{B6C3195C-0075-436E-826B-FEF49284DD32}.Debug|Any CPU.Deploy.0 = Debug|Any CPU
		{B6C3195C-0075-436E-826B-FEF49284DD32}.Debug|iPhone.ActiveCfg = Debug|Any CPU
		{B6C3195C-0075-436E-826B-FEF49284DD32}.Debug|iPhone.Build.0 = Debug|Any CPU
		{B6C3195C-0075-436E-826B-FEF49284DD32}.Debug|iPhone.Deploy.0 = Debug|Any CPU
		{B6C3195C-0075-436E-826B-FEF49284DD32}.Debug|iPhoneSimulator.ActiveCfg = Debug|Any CPU
		{B6C3195C-0075-436E-826B-FEF49284DD32}.Debug|iPhoneSimulator.Build.0 = Debug|Any CPU
		{B6C3195C-0075-436E-826B-FEF49284DD32}.Debug|iPhoneSimulator.Deploy.0 = Debug|Any CPU
		{B6C3195C-0075-436E-826B-FEF49284DD32}.PlayerDebug|Any CPU.ActiveCfg = PlayerDebug|Any CPU
		{B6C3195C-0075-436E-826B-FEF49284DD32}.PlayerDebug|Any CPU.Build.0 = PlayerDebug|Any CPU
		{B6C3195C-0075-436E-826B-FEF49284DD32}.PlayerDebug|Any CPU.Deploy.0 = PlayerDebug|Any CPU
		{B6C3195C-0075-436E-826B-FEF49284DD32}.PlayerDebug|iPhone.ActiveCfg = PlayerDebug|Any CPU
		{B6C3195C-0075-436E-826B-FEF49284DD32}.PlayerDebug|iPhone.Build.0 = PlayerDebug|Any CPU
		{B6C3195C-0075-436E-826B-FEF49284DD32}.PlayerDebug|iPhone.Deploy.0 = PlayerDebug|Any CPU
		{B6C3195C-0075-436E-826B-FEF49284DD32}.PlayerDebug|iPhoneSimulator.ActiveCfg = PlayerDebug|Any CPU
		{B6C3195C-0075-436E-826B-FEF49284DD32}.PlayerDebug|iPhoneSimulator.Build.0 = PlayerDebug|Any CPU
		{B6C3195C-0075-436E-826B-FEF49284DD32}.PlayerDebug|iPhoneSimulator.Deploy.0 = PlayerDebug|Any CPU
		{B6C3195C-0075-436E-826B-FEF49284DD32}.Release|Any CPU.ActiveCfg = Release|Any CPU
		{B6C3195C-0075-436E-826B-FEF49284DD32}.Release|Any CPU.Build.0 = Release|Any CPU
		{B6C3195C-0075-436E-826B-FEF49284DD32}.Release|Any CPU.Deploy.0 = Release|Any CPU
		{B6C3195C-0075-436E-826B-FEF49284DD32}.Release|iPhone.ActiveCfg = Release|Any CPU
		{B6C3195C-0075-436E-826B-FEF49284DD32}.Release|iPhone.Build.0 = Release|Any CPU
		{B6C3195C-0075-436E-826B-FEF49284DD32}.Release|iPhone.Deploy.0 = Release|Any CPU
		{B6C3195C-0075-436E-826B-FEF49284DD32}.Release|iPhoneSimulator.ActiveCfg = Release|Any CPU
		{B6C3195C-0075-436E-826B-FEF49284DD32}.Release|iPhoneSimulator.Build.0 = Release|Any CPU
		{B6C3195C-0075-436E-826B-FEF49284DD32}.Release|iPhoneSimulator.Deploy.0 = Release|Any CPU
		{45DA7B47-C579-4BC1-B1E5-97EEA0C669CD}.Debug|Any CPU.ActiveCfg = Debug|iPhone
		{45DA7B47-C579-4BC1-B1E5-97EEA0C669CD}.Debug|iPhone.ActiveCfg = Debug|iPhone
		{45DA7B47-C579-4BC1-B1E5-97EEA0C669CD}.Debug|iPhone.Build.0 = Debug|iPhone
		{45DA7B47-C579-4BC1-B1E5-97EEA0C669CD}.Debug|iPhoneSimulator.ActiveCfg = Debug|iPhoneSimulator
		{45DA7B47-C579-4BC1-B1E5-97EEA0C669CD}.Debug|iPhoneSimulator.Build.0 = Debug|iPhoneSimulator
		{45DA7B47-C579-4BC1-B1E5-97EEA0C669CD}.PlayerDebug|Any CPU.ActiveCfg = PlayerDebug|iPhone
		{45DA7B47-C579-4BC1-B1E5-97EEA0C669CD}.PlayerDebug|iPhone.ActiveCfg = PlayerDebug|iPhone
		{45DA7B47-C579-4BC1-B1E5-97EEA0C669CD}.PlayerDebug|iPhone.Build.0 = PlayerDebug|iPhone
		{45DA7B47-C579-4BC1-B1E5-97EEA0C669CD}.PlayerDebug|iPhoneSimulator.ActiveCfg = PlayerDebug|iPhoneSimulator
		{45DA7B47-C579-4BC1-B1E5-97EEA0C669CD}.PlayerDebug|iPhoneSimulator.Build.0 = PlayerDebug|iPhoneSimulator
		{45DA7B47-C579-4BC1-B1E5-97EEA0C669CD}.Release|Any CPU.ActiveCfg = Release|iPhone
		{45DA7B47-C579-4BC1-B1E5-97EEA0C669CD}.Release|iPhone.ActiveCfg = Release|iPhone
		{45DA7B47-C579-4BC1-B1E5-97EEA0C669CD}.Release|iPhone.Build.0 = Release|iPhone
		{45DA7B47-C579-4BC1-B1E5-97EEA0C669CD}.Release|iPhoneSimulator.ActiveCfg = Release|iPhoneSimulator
		{45DA7B47-C579-4BC1-B1E5-97EEA0C669CD}.Release|iPhoneSimulator.Build.0 = Release|iPhoneSimulator
	EndGlobalSection
	GlobalSection(SolutionProperties) = preSolution
		HideSolutionNode = FALSE
	EndGlobalSection
	GlobalSection(MonoDevelopProperties) = preSolution
		version = 1.5
	EndGlobalSection
EndGlobal
